
Microsoft Visual Studio Solution File, Format Version 12.00
# Visual Studio Version 17
VisualStudioVersion = 17.1.32407.343
MinimumVisualStudioVersion = 10.0.40219.1
Project("{FAE04EC0-301F-11D3-BF4B-00C04F79EFBC}") = "SafeLearn", "SafeLearn.csproj", "{AB0093EF-2121-40BD-BCC0-30789A78BC11}"
EndProject
Global
	GlobalSection(SolutionConfigurationPlatforms) = preSolution
		Debug|Any CPU = Debug|Any CPU
		Release|Any CPU = Release|Any CPU
	EndGlobalSection
	GlobalSection(ProjectConfigurationPlatforms) = postSolution
		{AB0093EF-2121-40BD-BCC0-30789A78BC11}.Debug|Any CPU.ActiveCfg = Debug|Any CPU
		{AB0093EF-2121-40BD-BCC0-30789A78BC11}.Debug|Any CPU.Build.0 = Debug|Any CPU
		{AB0093EF-2121-40BD-BCC0-30789A78BC11}.Release|Any CPU.ActiveCfg = Release|Any CPU
		{AB0093EF-2121-40BD-BCC0-30789A78BC11}.Release|Any CPU.Build.0 = Release|Any CPU
	EndGlobalSection
	GlobalSection(SolutionProperties) = preSolution
		HideSolutionNode = FALSE
	EndGlobalSection
	GlobalSection(ExtensibilityGlobals) = postSolution
		SolutionGuid = {EDA05D19-B6B4-4ABF-9009-BFD95F4BB3C8}
	EndGlobalSection
EndGlobal
